
Microsoft Visual Studio Solution File, Format Version 12.00
# Visual Studio 15
VisualStudioVersion = 15.0.28307.489
MinimumVisualStudioVersion = 10.0.40219.1
Project("{FAE04EC0-301F-11D3-BF4B-00C04F79EFBC}") = "spfgraph", "spfgraph\spfgraph.csproj", "{4BC94173-D11E-4DDC-875E-7683270FDFF6}"
EndProject
Project("{FAE04EC0-301F-11D3-BF4B-00C04F79EFBC}") = "ProviderLib", "ProviderLib\ProviderLib.csproj", "{0C3C86DC-81E8-4B43-B704-6DEA2C88D27F}"
EndProject
Project("{FAE04EC0-301F-11D3-BF4B-00C04F79EFBC}") = "Test", "Test\Test.csproj", "{29662597-ED98-4DC2-96C7-B5A7B1D30BCA}"
EndProject
Global
	GlobalSection(SolutionConfigurationPlatforms) = preSolution
		Debug|Any CPU = Debug|Any CPU
		Release|Any CPU = Release|Any CPU
	EndGlobalSection
	GlobalSection(ProjectConfigurationPlatforms) = postSolution
		{4BC94173-D11E-4DDC-875E-7683270FDFF6}.Debug|Any CPU.ActiveCfg = Debug|Any CPU
		{4BC94173-D11E-4DDC-875E-7683270FDFF6}.Debug|Any CPU.Build.0 = Debug|Any CPU
		{4BC94173-D11E-4DDC-875E-7683270FDFF6}.Release|Any CPU.ActiveCfg = Release|Any CPU
		{4BC94173-D11E-4DDC-875E-7683270FDFF6}.Release|Any CPU.Build.0 = Release|Any CPU
		{0C3C86DC-81E8-4B43-B704-6DEA2C88D27F}.Debug|Any CPU.ActiveCfg = Debug|Any CPU
		{0C3C86DC-81E8-4B43-B704-6DEA2C88D27F}.Debug|Any CPU.Build.0 = Debug|Any CPU
		{0C3C86DC-81E8-4B43-B704-6DEA2C88D27F}.Release|Any CPU.ActiveCfg = Release|Any CPU
		{0C3C86DC-81E8-4B43-B704-6DEA2C88D27F}.Release|Any CPU.Build.0 = Release|Any CPU
		{29662597-ED98-4DC2-96C7-B5A7B1D30BCA}.Debug|Any CPU.ActiveCfg = Debug|Any CPU
		{29662597-ED98-4DC2-96C7-B5A7B1D30BCA}.Debug|Any CPU.Build.0 = Debug|Any CPU
		{29662597-ED98-4DC2-96C7-B5A7B1D30BCA}.Release|Any CPU.ActiveCfg = Release|Any CPU
		{29662597-ED98-4DC2-96C7-B5A7B1D30BCA}.Release|Any CPU.Build.0 = Release|Any CPU
	EndGlobalSection
	GlobalSection(SolutionProperties) = preSolution
		HideSolutionNode = FALSE
	EndGlobalSection
	GlobalSection(ExtensibilityGlobals) = postSolution
		SolutionGuid = {E96C74D4-70E0-48AF-9E24-82966DF0D4BF}
	EndGlobalSection
EndGlobal
